
Microsoft Visual Studio Solution File, Format Version 12.00
# Visual Studio Version 16
VisualStudioVersion = 16.0.29503.13
MinimumVisualStudioVersion = 10.0.40219.1
Project("{8BC9CEB8-8B4A-11D0-8D11-00A0C91BC942}") = "Task3", "Task3\Task3.vcxproj", "{A630F4F5-5EA5-4152-844D-3299ED7D8AE7}"
EndProject
Project("{8BC9CEB8-8B4A-11D0-8D11-00A0C91BC942}") = "Task4", "Task4\Task4.vcxproj", "{70730625-7439-468F-80E1-4A2764CD6ABB}"
EndProject
Project("{8BC9CEB8-8B4A-11D0-8D11-00A0C91BC942}") = "Task5", "Task5\Task5.vcxproj", "{E553148C-F924-459D-B484-5BC61E3DB398}"
EndProject
Project("{8BC9CEB8-8B4A-11D0-8D11-00A0C91BC942}") = "Task6", "Task6\Task6.vcxproj", "{22D4A3CB-B918-4C53-AD26-274AAF4A83CB}"
EndProject
Project("{8BC9CEB8-8B4A-11D0-8D11-00A0C91BC942}") = "Task7", "Task7\Task7.vcxproj", "{A79E362E-B135-4127-ABEA-D9ADA15FFCED}"
EndProject
Project("{8BC9CEB8-8B4A-11D0-8D11-00A0C91BC942}") = "Task8", "Task8\Task8.vcxproj", "{43FB316A-05E2-47D1-A5D8-4CF459A6BE18}"
EndProject
Project("{2150E333-8FDC-42A3-9474-1A3956D46DE8}") = "Solution Items", "Solution Items", "{36BA0DC4-EA42-4EC3-99F2-A62EBF49759A}"
	ProjectSection(SolutionItems) = preProject
		Task9.txt = Task9.txt
	EndProjectSection
EndProject
Global
	GlobalSection(SolutionConfigurationPlatforms) = preSolution
		Debug|x64 = Debug|x64
		Debug|x86 = Debug|x86
		Release|x64 = Release|x64
		Release|x86 = Release|x86
	EndGlobalSection
	GlobalSection(ProjectConfigurationPlatforms) = postSolution
		{A630F4F5-5EA5-4152-844D-3299ED7D8AE7}.Debug|x64.ActiveCfg = Debug|x64
		{A630F4F5-5EA5-4152-844D-3299ED7D8AE7}.Debug|x64.Build.0 = Debug|x64
		{A630F4F5-5EA5-4152-844D-3299ED7D8AE7}.Debug|x86.ActiveCfg = Debug|Win32
		{A630F4F5-5EA5-4152-844D-3299ED7D8AE7}.Debug|x86.Build.0 = Debug|Win32
		{A630F4F5-5EA5-4152-844D-3299ED7D8AE7}.Release|x64.ActiveCfg = Release|x64
		{A630F4F5-5EA5-4152-844D-3299ED7D8AE7}.Release|x64.Build.0 = Release|x64
		{A630F4F5-5EA5-4152-844D-3299ED7D8AE7}.Release|x86.ActiveCfg = Release|Win32
		{A630F4F5-5EA5-4152-844D-3299ED7D8AE7}.Release|x86.Build.0 = Release|Win32
		{70730625-7439-468F-80E1-4A2764CD6ABB}.Debug|x64.ActiveCfg = Debug|x64
		{70730625-7439-468F-80E1-4A2764CD6ABB}.Debug|x64.Build.0 = Debug|x64
		{70730625-7439-468F-80E1-4A2764CD6ABB}.Debug|x86.ActiveCfg = Debug|Win32
		{70730625-7439-468F-80E1-4A2764CD6ABB}.Debug|x86.Build.0 = Debug|Win32
		{70730625-7439-468F-80E1-4A2764CD6ABB}.Release|x64.ActiveCfg = Release|x64
		{70730625-7439-468F-80E1-4A2764CD6ABB}.Release|x64.Build.0 = Release|x64
		{70730625-7439-468F-80E1-4A2764CD6ABB}.Release|x86.ActiveCfg = Release|Win32
		{70730625-7439-468F-80E1-4A2764CD6ABB}.Release|x86.Build.0 = Release|Win32
		{E553148C-F924-459D-B484-5BC61E3DB398}.Debug|x64.ActiveCfg = Debug|x64
		{E553148C-F924-459D-B484-5BC61E3DB398}.Debug|x64.Build.0 = Debug|x64
		{E553148C-F924-459D-B484-5BC61E3DB398}.Debug|x86.ActiveCfg = Debug|Win32
		{E553148C-F924-459D-B484-5BC61E3DB398}.Debug|x86.Build.0 = Debug|Win32
		{E553148C-F924-459D-B484-5BC61E3DB398}.Release|x64.ActiveCfg = Release|x64
		{E553148C-F924-459D-B484-5BC61E3DB398}.Release|x64.Build.0 = Release|x64
		{E553148C-F924-459D-B484-5BC61E3DB398}.Release|x86.ActiveCfg = Release|Win32
		{E553148C-F924-459D-B484-5BC61E3DB398}.Release|x86.Build.0 = Release|Win32
		{22D4A3CB-B918-4C53-AD26-274AAF4A83CB}.Debug|x64.ActiveCfg = Debug|x64
		{22D4A3CB-B918-4C53-AD26-274AAF4A83CB}.Debug|x64.Build.0 = Debug|x64
		{22D4A3CB-B918-4C53-AD26-274AAF4A83CB}.Debug|x86.ActiveCfg = Debug|Win32
		{22D4A3CB-B918-4C53-AD26-274AAF4A83CB}.Debug|x86.Build.0 = Debug|Win32
		{22D4A3CB-B918-4C53-AD26-274AAF4A83CB}.Release|x64.ActiveCfg = Release|x64
		{22D4A3CB-B918-4C53-AD26-274AAF4A83CB}.Release|x64.Build.0 = Release|x64
		{22D4A3CB-B918-4C53-AD26-274AAF4A83CB}.Release|x86.ActiveCfg = Release|Win32
		{22D4A3CB-B918-4C53-AD26-274AAF4A83CB}.Release|x86.Build.0 = Release|Win32
		{A79E362E-B135-4127-ABEA-D9ADA15FFCED}.Debug|x64.ActiveCfg = Debug|x64
		{A79E362E-B135-4127-ABEA-D9ADA15FFCED}.Debug|x64.Build.0 = Debug|x64
		{A79E362E-B135-4127-ABEA-D9ADA15FFCED}.Debug|x86.ActiveCfg = Debug|Win32
		{A79E362E-B135-4127-ABEA-D9ADA15FFCED}.Debug|x86.Build.0 = Debug|Win32
		{A79E362E-B135-4127-ABEA-D9ADA15FFCED}.Release|x64.ActiveCfg = Release|x64
		{A79E362E-B135-4127-ABEA-D9ADA15FFCED}.Release|x64.Build.0 = Release|x64
		{A79E362E-B135-4127-ABEA-D9ADA15FFCED}.Release|x86.ActiveCfg = Release|Win32
		{A79E362E-B135-4127-ABEA-D9ADA15FFCED}.Release|x86.Build.0 = Release|Win32
		{43FB316A-05E2-47D1-A5D8-4CF459A6BE18}.Debug|x64.ActiveCfg = Debug|x64
		{43FB316A-05E2-47D1-A5D8-4CF459A6BE18}.Debug|x64.Build.0 = Debug|x64
		{43FB316A-05E2-47D1-A5D8-4CF459A6BE18}.Debug|x86.ActiveCfg = Debug|Win32
		{43FB316A-05E2-47D1-A5D8-4CF459A6BE18}.Debug|x86.Build.0 = Debug|Win32
		{43FB316A-05E2-47D1-A5D8-4CF459A6BE18}.Release|x64.ActiveCfg = Release|x64
		{43FB316A-05E2-47D1-A5D8-4CF459A6BE18}.Release|x64.Build.0 = Release|x64
		{43FB316A-05E2-47D1-A5D8-4CF459A6BE18}.Release|x86.ActiveCfg = Release|Win32
		{43FB316A-05E2-47D1-A5D8-4CF459A6BE18}.Release|x86.Build.0 = Release|Win32
	EndGlobalSection
	GlobalSection(SolutionProperties) = preSolution
		HideSolutionNode = FALSE
	EndGlobalSection
	GlobalSection(ExtensibilityGlobals) = postSolution
		SolutionGuid = {3315908E-BA72-42DF-9479-C0D873B31AED}
	EndGlobalSection
EndGlobal
